
Microsoft Visual Studio Solution File, Format Version 12.00
# Visual Studio Version 17
VisualStudioVersion = 17.8.34525.116
MinimumVisualStudioVersion = 10.0.40219.1
Project("{FAE04EC0-301F-11D3-BF4B-00C04F79EFBC}") = "QuiroPrax", "QuiroPrax\QuiroPrax.csproj", "{01DECE31-5C98-45FB-86AC-C45FFA927AFC}"
EndProject
Global
	GlobalSection(SolutionConfigurationPlatforms) = preSolution
		Debug|Any CPU = Debug|Any CPU
		Release|Any CPU = Release|Any CPU
	EndGlobalSection
	GlobalSection(ProjectConfigurationPlatforms) = postSolution
		{01DECE31-5C98-45FB-86AC-C45FFA927AFC}.Debug|Any CPU.ActiveCfg = Debug|Any CPU
		{01DECE31-5C98-45FB-86AC-C45FFA927AFC}.Debug|Any CPU.Build.0 = Debug|Any CPU
		{01DECE31-5C98-45FB-86AC-C45FFA927AFC}.Release|Any CPU.ActiveCfg = Release|Any CPU
		{01DECE31-5C98-45FB-86AC-C45FFA927AFC}.Release|Any CPU.Build.0 = Release|Any CPU
	EndGlobalSection
	GlobalSection(SolutionProperties) = preSolution
		HideSolutionNode = FALSE
	EndGlobalSection
	GlobalSection(ExtensibilityGlobals) = postSolution
		SolutionGuid = {22ED2C65-A576-458E-8A6D-8C92DC2C5378}
	EndGlobalSection
EndGlobal
